
Microsoft Visual Studio Solution File, Format Version 12.00
# Visual Studio Version 16
VisualStudioVersion = 16.0.29403.142
MinimumVisualStudioVersion = 10.0.40219.1
Project("{9A19103F-16F7-4668-BE54-9A1E7A4F7556}") = "BranchConfigurator", "BranchConfigurator.csproj", "{28995268-B9B2-44FB-81FD-6B21BBD88049}"
EndProject
Global
	GlobalSection(SolutionConfigurationPlatforms) = preSolution
		Debug|Any CPU = Debug|Any CPU
		Release|Any CPU = Release|Any CPU
	EndGlobalSection
	GlobalSection(ProjectConfigurationPlatforms) = postSolution
		{28995268-B9B2-44FB-81FD-6B21BBD88049}.Debug|Any CPU.ActiveCfg = Debug|Any CPU
		{28995268-B9B2-44FB-81FD-6B21BBD88049}.Debug|Any CPU.Build.0 = Debug|Any CPU
		{28995268-B9B2-44FB-81FD-6B21BBD88049}.Release|Any CPU.ActiveCfg = Release|Any CPU
		{28995268-B9B2-44FB-81FD-6B21BBD88049}.Release|Any CPU.Build.0 = Release|Any CPU
	EndGlobalSection
	GlobalSection(SolutionProperties) = preSolution
		HideSolutionNode = FALSE
	EndGlobalSection
	GlobalSection(ExtensibilityGlobals) = postSolution
		SolutionGuid = {16BF58D7-B008-4353-9E41-65818A6C818B}
	EndGlobalSection
EndGlobal
