
Microsoft Visual Studio Solution File, Format Version 12.00
# Visual Studio Version 16
VisualStudioVersion = 16.0.29403.142
MinimumVisualStudioVersion = 10.0.40219.1
Project("{9A19103F-16F7-4668-BE54-9A1E7A4F7556}") = "ChristmasPi", "ChristmasPi.csproj", "{9B95FEE4-D6D1-4327-84EF-3DD6206F8C29}"
EndProject
Project("{9A19103F-16F7-4668-BE54-9A1E7A4F7556}") = "Scheduler", "Scheduler.csproj", "{27C5C891-7330-409B-B2E0-FCBFEE32330F}"
EndProject
Project("{9A19103F-16F7-4668-BE54-9A1E7A4F7556}") = "BranchConfigurator", "BranchConfigurator.csproj", "{268BC0DD-F683-42CE-969B-FD83C7141BE5}"
EndProject
Global
	GlobalSection(SolutionConfigurationPlatforms) = preSolution
		Debug|Any CPU = Debug|Any CPU
		Release|Any CPU = Release|Any CPU
	EndGlobalSection
	GlobalSection(ProjectConfigurationPlatforms) = postSolution
		{9B95FEE4-D6D1-4327-84EF-3DD6206F8C29}.Debug|Any CPU.ActiveCfg = Debug|Any CPU
		{9B95FEE4-D6D1-4327-84EF-3DD6206F8C29}.Debug|Any CPU.Build.0 = Debug|Any CPU
		{9B95FEE4-D6D1-4327-84EF-3DD6206F8C29}.Release|Any CPU.ActiveCfg = Release|Any CPU
		{9B95FEE4-D6D1-4327-84EF-3DD6206F8C29}.Release|Any CPU.Build.0 = Release|Any CPU
		{27C5C891-7330-409B-B2E0-FCBFEE32330F}.Debug|Any CPU.ActiveCfg = Debug|Any CPU
		{27C5C891-7330-409B-B2E0-FCBFEE32330F}.Debug|Any CPU.Build.0 = Debug|Any CPU
		{27C5C891-7330-409B-B2E0-FCBFEE32330F}.Release|Any CPU.ActiveCfg = Release|Any CPU
		{27C5C891-7330-409B-B2E0-FCBFEE32330F}.Release|Any CPU.Build.0 = Release|Any CPU
		{268BC0DD-F683-42CE-969B-FD83C7141BE5}.Debug|Any CPU.ActiveCfg = Debug|Any CPU
		{268BC0DD-F683-42CE-969B-FD83C7141BE5}.Debug|Any CPU.Build.0 = Debug|Any CPU
		{268BC0DD-F683-42CE-969B-FD83C7141BE5}.Release|Any CPU.ActiveCfg = Release|Any CPU
		{268BC0DD-F683-42CE-969B-FD83C7141BE5}.Release|Any CPU.Build.0 = Release|Any CPU
	EndGlobalSection
	GlobalSection(SolutionProperties) = preSolution
		HideSolutionNode = FALSE
	EndGlobalSection
	GlobalSection(ExtensibilityGlobals) = postSolution
		SolutionGuid = {80B5BE73-868E-432C-81B5-0DEC0140A6BD}
	EndGlobalSection
EndGlobal
